
Microsoft Visual Studio Solution File, Format Version 12.00
# Visual Studio Version 16
VisualStudioVersion = 16.0.28917.181
MinimumVisualStudioVersion = 10.0.40219.1
Project("{FAE04EC0-301F-11D3-BF4B-00C04F79EFBC}") = "LabAssignment9", "LabAssignment9\LabAssignment9.csproj", "{16172FE7-F152-4623-B2CE-A7A0AB4975DD}"
EndProject
Global
	GlobalSection(SolutionConfigurationPlatforms) = preSolution
		Debug|Any CPU = Debug|Any CPU
		Release|Any CPU = Release|Any CPU
	EndGlobalSection
	GlobalSection(ProjectConfigurationPlatforms) = postSolution
		{16172FE7-F152-4623-B2CE-A7A0AB4975DD}.Debug|Any CPU.ActiveCfg = Debug|Any CPU
		{16172FE7-F152-4623-B2CE-A7A0AB4975DD}.Debug|Any CPU.Build.0 = Debug|Any CPU
		{16172FE7-F152-4623-B2CE-A7A0AB4975DD}.Release|Any CPU.ActiveCfg = Release|Any CPU
		{16172FE7-F152-4623-B2CE-A7A0AB4975DD}.Release|Any CPU.Build.0 = Release|Any CPU
	EndGlobalSection
	GlobalSection(SolutionProperties) = preSolution
		HideSolutionNode = FALSE
	EndGlobalSection
	GlobalSection(ExtensibilityGlobals) = postSolution
		SolutionGuid = {E1DFE6DA-DE25-4DB5-9610-AFFAE9997B57}
	EndGlobalSection
EndGlobal
